
Microsoft Visual Studio Solution File, Format Version 12.00
# Visual Studio Version 17
VisualStudioVersion = 17.8.34511.84
MinimumVisualStudioVersion = 10.0.40219.1
Project("{FAE04EC0-301F-11D3-BF4B-00C04F79EFBC}") = "AssignmentDay6", "AssignmentDay6.csproj", "{F57620F1-DA00-4D1B-8029-2F61B274CDA0}"
EndProject
Global
	GlobalSection(SolutionConfigurationPlatforms) = preSolution
		Debug|Any CPU = Debug|Any CPU
		Release|Any CPU = Release|Any CPU
	EndGlobalSection
	GlobalSection(ProjectConfigurationPlatforms) = postSolution
		{F57620F1-DA00-4D1B-8029-2F61B274CDA0}.Debug|Any CPU.ActiveCfg = Debug|Any CPU
		{F57620F1-DA00-4D1B-8029-2F61B274CDA0}.Debug|Any CPU.Build.0 = Debug|Any CPU
		{F57620F1-DA00-4D1B-8029-2F61B274CDA0}.Release|Any CPU.ActiveCfg = Release|Any CPU
		{F57620F1-DA00-4D1B-8029-2F61B274CDA0}.Release|Any CPU.Build.0 = Release|Any CPU
	EndGlobalSection
	GlobalSection(SolutionProperties) = preSolution
		HideSolutionNode = FALSE
	EndGlobalSection
	GlobalSection(ExtensibilityGlobals) = postSolution
		SolutionGuid = {E05DC702-EA13-4FA3-B4F5-95C569019DF1}
	EndGlobalSection
EndGlobal
